
Microsoft Visual Studio Solution File, Format Version 12.00
# Visual Studio Version 17
VisualStudioVersion = 17.14.35906.104 d17.14
MinimumVisualStudioVersion = 10.0.40219.1
Project("{FAE04EC0-301F-11D3-BF4B-00C04F79EFBC}") = "second_prj", "second_prj\second_prj.csproj", "{9DC393C5-B87F-4974-A50C-C9FF05238446}"
EndProject
Global
	GlobalSection(SolutionConfigurationPlatforms) = preSolution
		Debug|Any CPU = Debug|Any CPU
		Release|Any CPU = Release|Any CPU
	EndGlobalSection
	GlobalSection(ProjectConfigurationPlatforms) = postSolution
		{9DC393C5-B87F-4974-A50C-C9FF05238446}.Debug|Any CPU.ActiveCfg = Debug|Any CPU
		{9DC393C5-B87F-4974-A50C-C9FF05238446}.Debug|Any CPU.Build.0 = Debug|Any CPU
		{9DC393C5-B87F-4974-A50C-C9FF05238446}.Release|Any CPU.ActiveCfg = Release|Any CPU
		{9DC393C5-B87F-4974-A50C-C9FF05238446}.Release|Any CPU.Build.0 = Release|Any CPU
	EndGlobalSection
	GlobalSection(SolutionProperties) = preSolution
		HideSolutionNode = FALSE
	EndGlobalSection
	GlobalSection(ExtensibilityGlobals) = postSolution
		SolutionGuid = {AB9C4757-1385-4DF8-BEF3-B2537B92E650}
	EndGlobalSection
EndGlobal
